
Microsoft Visual Studio Solution File, Format Version 12.00
# Visual Studio Version 16
VisualStudioVersion = 16.0.30711.63
MinimumVisualStudioVersion = 10.0.40219.1
Project("{2150E333-8FDC-42A3-9474-1A3956D46DE8}") = "CoreService", "CoreService", "{B2CA29F2-CDA8-46D7-AD94-D2DC7F6C1CF0}"
EndProject
Project("{2150E333-8FDC-42A3-9474-1A3956D46DE8}") = "03.BackgroundJobs.Common", "03.BackgroundJobs.Common", "{C004614F-8C8D-4E28-BD6F-86A3B088E1B3}"
EndProject
Project("{2150E333-8FDC-42A3-9474-1A3956D46DE8}") = "01.Services.Common", "01.Services.Common", "{B8C137BA-6726-463F-A09A-CB1E89B68F90}"
EndProject
Project("{2150E333-8FDC-42A3-9474-1A3956D46DE8}") = "02.EventBus.Common", "02.EventBus.Common", "{F63EB4E5-CE7F-40C1-946B-E4BE69CF7448}"
EndProject
Project("{2150E333-8FDC-42A3-9474-1A3956D46DE8}") = "04.IntegrationEvents.Common", "04.IntegrationEvents.Common", "{369DC67F-5EE7-4CCF-A134-F6416B447DC2}"
EndProject
Project("{2150E333-8FDC-42A3-9474-1A3956D46DE8}") = "05.Database.Common", "05.Database.Common", "{45E81ACF-FD0D-4B0C-8A68-DC09B2AA22E0}"
EndProject
Project("{2150E333-8FDC-42A3-9474-1A3956D46DE8}") = "06.InternalEvents.Common", "06.InternalEvents.Common", "{FE1BC0DC-2D65-48FB-A475-1670FCBA07D0}"
EndProject
Project("{2150E333-8FDC-42A3-9474-1A3956D46DE8}") = "07.Caching.Common", "07.Caching.Common", "{48C6FA37-F80E-4851-BD89-B0F72103ACFD}"
EndProject
Project("{2150E333-8FDC-42A3-9474-1A3956D46DE8}") = "AppService", "AppService", "{93781C82-128D-4601-B18D-87000646324F}"
EndProject
Project("{2150E333-8FDC-42A3-9474-1A3956D46DE8}") = "Services.Common", "Services.Common", "{82DC9C64-F8D4-453C-AE60-3591DDE5F574}"
EndProject
Project("{2150E333-8FDC-42A3-9474-1A3956D46DE8}") = "Services.Common.APIs", "Services.Common.APIs", "{B57FFEDF-71B5-403D-921F-CBACCAD190F3}"
EndProject
Project("{2150E333-8FDC-42A3-9474-1A3956D46DE8}") = "Services.Common.APIs.Cmd.EF", "Services.Common.APIs.Cmd.EF", "{5A4630E8-D68A-4EEE-B9D0-B5920B641444}"
EndProject
Project("{2150E333-8FDC-42A3-9474-1A3956D46DE8}") = "Services.Common.DomainObjects", "Services.Common.DomainObjects", "{B8F08697-4F9D-40A5-9D55-86CD63D608CD}"
EndProject
Project("{9A19103F-16F7-4668-BE54-9A1E7A4F7556}") = "Services.Common", "CoreService\01.Services.Common\Services.Common\Services.Common.csproj", "{15EAAC90-241E-47CE-AE09-4A2BA837BB53}"
EndProject
Project("{9A19103F-16F7-4668-BE54-9A1E7A4F7556}") = "Services.Common.APIs", "CoreService\01.Services.Common\Services.Common.APIs\Services.Common.APIs.csproj", "{6AE9500B-8434-4432-864D-A10FD120ACCD}"
EndProject
Project("{9A19103F-16F7-4668-BE54-9A1E7A4F7556}") = "Services.Common.APIs.Cmd.EF", "CoreService\01.Services.Common\Services.Common.APIs.Cmd.EF\Services.Common.APIs.Cmd.EF.csproj", "{5C3CB712-5129-4C84-977D-84F63E1B34BE}"
EndProject
Project("{9A19103F-16F7-4668-BE54-9A1E7A4F7556}") = "Services.Common.DomainObjects", "CoreService\01.Services.Common\Services.Common.DomainObjects\Services.Common.DomainObjects.csproj", "{2F1CA249-C1C7-4629-B110-1F2A3F16830F}"
EndProject
Project("{2150E333-8FDC-42A3-9474-1A3956D46DE8}") = "EventBus", "EventBus", "{21B3EE8C-5776-4E31-92F2-12ECAE3242BC}"
EndProject
Project("{2150E333-8FDC-42A3-9474-1A3956D46DE8}") = "EventBus.Kafka", "EventBus.Kafka", "{AA1322FC-CEC1-4494-AEC8-1B68B21C034E}"
EndProject
Project("{2150E333-8FDC-42A3-9474-1A3956D46DE8}") = "EventBus.RabbitMQ", "EventBus.RabbitMQ", "{59F4F12F-4AA5-4F55-B49A-42CCA68ADEA7}"
EndProject
Project("{9A19103F-16F7-4668-BE54-9A1E7A4F7556}") = "EventBus", "CoreService\02.EventBus.Common\EventBus\EventBus.csproj", "{64682353-BC9E-4359-A087-2BC2ADD5119C}"
EndProject
Project("{9A19103F-16F7-4668-BE54-9A1E7A4F7556}") = "EventBus.Kafka", "CoreService\02.EventBus.Common\EventBus.Kafka\EventBus.Kafka.csproj", "{0370AEB0-0E19-4447-89C3-52C70ABFF6A6}"
EndProject
Project("{9A19103F-16F7-4668-BE54-9A1E7A4F7556}") = "EventBus.RabbitMQ", "CoreService\02.EventBus.Common\EventBus.RabbitMQ\EventBus.RabbitMQ.csproj", "{85D070EB-C4A4-4B76-874B-F9E11C158AD0}"
EndProject
Project("{2150E333-8FDC-42A3-9474-1A3956D46DE8}") = "BackgroundJobs", "BackgroundJobs", "{BAF4B5B0-31AC-4A98-AAB7-304A4A47F9A4}"
EndProject
Project("{2150E333-8FDC-42A3-9474-1A3956D46DE8}") = "IntegrationEventLog.EF", "IntegrationEventLog.EF", "{F02C19C4-2FE6-4190-9443-60782AF25009}"
EndProject
Project("{9A19103F-16F7-4668-BE54-9A1E7A4F7556}") = "IntegrationEventLog.EF", "CoreService\04.IntegrationEvents.Common\IntegrationEventLog.EF\IntegrationEventLog.EF.csproj", "{E20D2210-B5DC-4EAC-96EF-3A398EE52EF7}"
EndProject
Project("{2150E333-8FDC-42A3-9474-1A3956D46DE8}") = "Api", "Api", "{E0B9C5F1-54CF-4995-B67D-930979A6B9A3}"
EndProject
Project("{2150E333-8FDC-42A3-9474-1A3956D46DE8}") = "TayHo.Acc", "TayHo.Acc", "{3AE4CF23-3305-44FC-A83E-172042CCDB7C}"
EndProject
Project("{2150E333-8FDC-42A3-9474-1A3956D46DE8}") = "Acc.Shared", "Acc.Shared", "{A9DC79D0-DE01-446F-BB9F-FF1979F35C4B}"
EndProject
Project("{2150E333-8FDC-42A3-9474-1A3956D46DE8}") = "Acc.CMD", "Acc.CMD", "{D42981DB-A54E-4AEF-91E2-838D5B955B9F}"
EndProject
Project("{2150E333-8FDC-42A3-9474-1A3956D46DE8}") = "Acc.Read", "Acc.Read", "{8B94CC20-F6F2-4E57-8732-A9A9AAD5737D}"
EndProject
Project("{9A19103F-16F7-4668-BE54-9A1E7A4F7556}") = "Acc.Cmd.Api", "AppService\TayHo.Acc\Acc.CMD\Acc.Cmd.Api\Acc.Cmd.Api.csproj", "{072E5613-3BCB-4DFA-B5A5-25EB4C79A7BE}"
EndProject
Project("{9A19103F-16F7-4668-BE54-9A1E7A4F7556}") = "Acc.Cmd.Domain", "AppService\TayHo.Acc\Acc.CMD\Acc.Cmd.Domain\Acc.Cmd.Domain.csproj", "{79285BC1-FC59-4DB3-BCC1-5ACE75A403CB}"
EndProject
Project("{9A19103F-16F7-4668-BE54-9A1E7A4F7556}") = "Acc.Cmd.Infrastructure", "AppService\TayHo.Acc\Acc.CMD\Acc.Cmd.Infrastructure\Acc.Cmd.Infrastructure.csproj", "{203A9613-78E0-4C76-AB5D-F18D264E1AFF}"
EndProject
Project("{9A19103F-16F7-4668-BE54-9A1E7A4F7556}") = "Caching.StackExchangeRedis", "CoreService\07.Caching.Common\Caching.StackExchangeRedis\Caching.StackExchangeRedis.csproj", "{0B090675-E486-4CC0-8C4C-ECC4E22F5A0A}"
EndProject
Project("{9A19103F-16F7-4668-BE54-9A1E7A4F7556}") = "Caching.Common", "CoreService\07.Caching.Common\Caching.Common\Caching.Common.csproj", "{5EA7A52E-DBA5-4ADB-910B-64CE5EC99811}"
EndProject
Project("{9A19103F-16F7-4668-BE54-9A1E7A4F7556}") = "Acc.Common", "AppService\TayHo.Acc\Acc.Shared\Acc.Common\Acc.Common.csproj", "{BD8B2D5B-2D6B-44E4-A47A-3DF7A4D3E10C}"
EndProject
Project("{2150E333-8FDC-42A3-9474-1A3956D46DE8}") = "TayHo.ProjectManager", "TayHo.ProjectManager", "{16D5C122-553E-4DB0-BE4E-ACC12D744E64}"
EndProject
Project("{2150E333-8FDC-42A3-9474-1A3956D46DE8}") = "ProjectManager.CMD", "ProjectManager.CMD", "{BD9AE184-89D2-4C8B-A79B-95166D07AA20}"
EndProject
Project("{2150E333-8FDC-42A3-9474-1A3956D46DE8}") = "ProjectManager.Shared", "ProjectManager.Shared", "{26B2BCB2-315D-4005-B384-03657070DC0F}"
EndProject
Project("{2150E333-8FDC-42A3-9474-1A3956D46DE8}") = "ProjectManager.Read", "ProjectManager.Read", "{83FBE4AA-A842-4E1B-811E-CC76F368657C}"
EndProject
Project("{9A19103F-16F7-4668-BE54-9A1E7A4F7556}") = "ProjectManager.CMD.Api", "AppService\TayHo.ProjectManager\PrjectManager.CMD\ProjectManager.CMD.Api\ProjectManager.CMD.Api.csproj", "{AF5C9E1C-8AF6-4513-A37C-C9DCFB4932CD}"
EndProject
Project("{9A19103F-16F7-4668-BE54-9A1E7A4F7556}") = "ProjectManager.CMD.Domain", "AppService\TayHo.ProjectManager\PrjectManager.CMD\ProjectManager.CMD.Domain\ProjectManager.CMD.Domain.csproj", "{106FC343-ED28-46C1-8BF6-77BDA94DD73A}"
EndProject
Project("{9A19103F-16F7-4668-BE54-9A1E7A4F7556}") = "ProjectManager.CMD.Infrastructure", "AppService\TayHo.ProjectManager\PrjectManager.CMD\ProjectManager.CMD.Infrastructure\ProjectManager.CMD.Infrastructure.csproj", "{87E6D93C-9CB4-4732-9FDD-37012A914729}"
EndProject
Project("{9A19103F-16F7-4668-BE54-9A1E7A4F7556}") = "ProjectManager.Common", "AppService\TayHo.ProjectManager\ProjectManager.Shared\ProjectManager.Common\ProjectManager.Common.csproj", "{D5B088E8-84B0-4BBC-A10F-58F23948A6E6}"
EndProject
Project("{9A19103F-16F7-4668-BE54-9A1E7A4F7556}") = "ProjectManager.Read.Api", "AppService\TayHo.ProjectManager\PrjectManager.Read\ProjectManager.Read.Api\ProjectManager.Read.Api.csproj", "{52B52413-31BF-424A-9CC5-1E80622DA690}"
EndProject
Project("{9A19103F-16F7-4668-BE54-9A1E7A4F7556}") = "Dapper.Common", "CoreService\05.Database.Common\Dapper.Common\Dapper.Common.csproj", "{715D1896-D331-41B0-B802-9AE031CE9F06}"
EndProject
Project("{9A19103F-16F7-4668-BE54-9A1E7A4F7556}") = "MongoDb.Common", "CoreService\05.Database.Common\MongoDb.Common\MongoDb.Common.csproj", "{D651654F-FE88-460C-87B4-081B1806B2E0}"
EndProject
Project("{9A19103F-16F7-4668-BE54-9A1E7A4F7556}") = "ProjectManager.Read.Sql", "AppService\TayHo.ProjectManager\PrjectManager.Read\ProjectManager.Read.Sql\ProjectManager.Read.Sql.csproj", "{6FF8DA75-D146-42D1-B798-C25ABB537A6F}"
EndProject
Project("{9A19103F-16F7-4668-BE54-9A1E7A4F7556}") = "Acc.Read.Api", "AppService\TayHo.Acc\Acc.Read\Acc.Read.Api\Acc.Read.Api.csproj", "{2103545F-2196-4A47-927A-C72952CB11B7}"
EndProject
Project("{9A19103F-16F7-4668-BE54-9A1E7A4F7556}") = "Acc.Read.Sql", "AppService\TayHo.Acc\Acc.Read\Acc.Read.Sql\Acc.Read.Sql.csproj", "{156FDB41-D03B-4CCD-9F65-37DCC28C7FF2}"
EndProject
Project("{2150E333-8FDC-42A3-9474-1A3956D46DE8}") = "Web", "Web", "{6FD93641-1F37-4238-B744-CEA96AC38412}"
EndProject
Project("{FAE04EC0-301F-11D3-BF4B-00C04F79EFBC}") = "QuanLyDuAn", "AppService\Web\QuanLyDuAn\QuanLyDuAn.csproj", "{D44E2D36-22D1-4CC6-8660-3EF9F04CBE2F}"
EndProject
Project("{2150E333-8FDC-42A3-9474-1A3956D46DE8}") = "App", "App", "{B501965D-08C4-4276-B0B8-64062C57E1DA}"
EndProject
Project("{9A19103F-16F7-4668-BE54-9A1E7A4F7556}") = "AppWFGenProject", "AppService\App\AppWFGenProject\AppWFGenProject.csproj", "{F5A7A3B6-9EA3-497A-B2DA-18065AA2AE8C}"
EndProject
Project("{2150E333-8FDC-42A3-9474-1A3956D46DE8}") = "Documents", "Documents", "{0941A9D1-9858-4960-A38A-72DDBE1F6784}"
EndProject
Project("{2150E333-8FDC-42A3-9474-1A3956D46DE8}") = "WebQuanLyDuAn", "WebQuanLyDuAn", "{853C4433-8F4E-42B0-85C4-C4446A74985D}"
EndProject
Project("{2150E333-8FDC-42A3-9474-1A3956D46DE8}") = "ThongTin", "ThongTin", "{DAC9C7D5-0BB2-451E-8B22-CCEB750E8F0D}"
EndProject
Project("{2150E333-8FDC-42A3-9474-1A3956D46DE8}") = "CauHinh", "CauHinh", "{EEB960E8-C0AB-4357-B81B-5668FA30D695}"
EndProject
Project("{2150E333-8FDC-42A3-9474-1A3956D46DE8}") = "DangKy", "DangKy", "{7B212BC6-6266-40E6-B925-62A7127F510D}"
EndProject
Project("{2150E333-8FDC-42A3-9474-1A3956D46DE8}") = "PhatHanh", "PhatHanh", "{9A18D3F4-53B1-4EBC-96E6-191F8BF4A718}"
EndProject
Global
	GlobalSection(SolutionConfigurationPlatforms) = preSolution
		Debug|Any CPU = Debug|Any CPU
		Release|Any CPU = Release|Any CPU
	EndGlobalSection
	GlobalSection(ProjectConfigurationPlatforms) = postSolution
		{15EAAC90-241E-47CE-AE09-4A2BA837BB53}.Debug|Any CPU.ActiveCfg = Debug|Any CPU
		{15EAAC90-241E-47CE-AE09-4A2BA837BB53}.Debug|Any CPU.Build.0 = Debug|Any CPU
		{15EAAC90-241E-47CE-AE09-4A2BA837BB53}.Release|Any CPU.ActiveCfg = Release|Any CPU
		{15EAAC90-241E-47CE-AE09-4A2BA837BB53}.Release|Any CPU.Build.0 = Release|Any CPU
		{6AE9500B-8434-4432-864D-A10FD120ACCD}.Debug|Any CPU.ActiveCfg = Debug|Any CPU
		{6AE9500B-8434-4432-864D-A10FD120ACCD}.Debug|Any CPU.Build.0 = Debug|Any CPU
		{6AE9500B-8434-4432-864D-A10FD120ACCD}.Release|Any CPU.ActiveCfg = Release|Any CPU
		{6AE9500B-8434-4432-864D-A10FD120ACCD}.Release|Any CPU.Build.0 = Release|Any CPU
		{5C3CB712-5129-4C84-977D-84F63E1B34BE}.Debug|Any CPU.ActiveCfg = Debug|Any CPU
		{5C3CB712-5129-4C84-977D-84F63E1B34BE}.Debug|Any CPU.Build.0 = Debug|Any CPU
		{5C3CB712-5129-4C84-977D-84F63E1B34BE}.Release|Any CPU.ActiveCfg = Release|Any CPU
		{5C3CB712-5129-4C84-977D-84F63E1B34BE}.Release|Any CPU.Build.0 = Release|Any CPU
		{2F1CA249-C1C7-4629-B110-1F2A3F16830F}.Debug|Any CPU.ActiveCfg = Debug|Any CPU
		{2F1CA249-C1C7-4629-B110-1F2A3F16830F}.Debug|Any CPU.Build.0 = Debug|Any CPU
		{2F1CA249-C1C7-4629-B110-1F2A3F16830F}.Release|Any CPU.ActiveCfg = Release|Any CPU
		{2F1CA249-C1C7-4629-B110-1F2A3F16830F}.Release|Any CPU.Build.0 = Release|Any CPU
		{64682353-BC9E-4359-A087-2BC2ADD5119C}.Debug|Any CPU.ActiveCfg = Debug|Any CPU
		{64682353-BC9E-4359-A087-2BC2ADD5119C}.Debug|Any CPU.Build.0 = Debug|Any CPU
		{64682353-BC9E-4359-A087-2BC2ADD5119C}.Release|Any CPU.ActiveCfg = Release|Any CPU
		{64682353-BC9E-4359-A087-2BC2ADD5119C}.Release|Any CPU.Build.0 = Release|Any CPU
		{0370AEB0-0E19-4447-89C3-52C70ABFF6A6}.Debug|Any CPU.ActiveCfg = Debug|Any CPU
		{0370AEB0-0E19-4447-89C3-52C70ABFF6A6}.Debug|Any CPU.Build.0 = Debug|Any CPU
		{0370AEB0-0E19-4447-89C3-52C70ABFF6A6}.Release|Any CPU.ActiveCfg = Release|Any CPU
		{0370AEB0-0E19-4447-89C3-52C70ABFF6A6}.Release|Any CPU.Build.0 = Release|Any CPU
		{85D070EB-C4A4-4B76-874B-F9E11C158AD0}.Debug|Any CPU.ActiveCfg = Debug|Any CPU
		{85D070EB-C4A4-4B76-874B-F9E11C158AD0}.Debug|Any CPU.Build.0 = Debug|Any CPU
		{85D070EB-C4A4-4B76-874B-F9E11C158AD0}.Release|Any CPU.ActiveCfg = Release|Any CPU
		{85D070EB-C4A4-4B76-874B-F9E11C158AD0}.Release|Any CPU.Build.0 = Release|Any CPU
		{E20D2210-B5DC-4EAC-96EF-3A398EE52EF7}.Debug|Any CPU.ActiveCfg = Debug|Any CPU
		{E20D2210-B5DC-4EAC-96EF-3A398EE52EF7}.Debug|Any CPU.Build.0 = Debug|Any CPU
		{E20D2210-B5DC-4EAC-96EF-3A398EE52EF7}.Release|Any CPU.ActiveCfg = Release|Any CPU
		{E20D2210-B5DC-4EAC-96EF-3A398EE52EF7}.Release|Any CPU.Build.0 = Release|Any CPU
		{072E5613-3BCB-4DFA-B5A5-25EB4C79A7BE}.Debug|Any CPU.ActiveCfg = Debug|Any CPU
		{072E5613-3BCB-4DFA-B5A5-25EB4C79A7BE}.Debug|Any CPU.Build.0 = Debug|Any CPU
		{072E5613-3BCB-4DFA-B5A5-25EB4C79A7BE}.Release|Any CPU.ActiveCfg = Release|Any CPU
		{072E5613-3BCB-4DFA-B5A5-25EB4C79A7BE}.Release|Any CPU.Build.0 = Release|Any CPU
		{79285BC1-FC59-4DB3-BCC1-5ACE75A403CB}.Debug|Any CPU.ActiveCfg = Debug|Any CPU
		{79285BC1-FC59-4DB3-BCC1-5ACE75A403CB}.Debug|Any CPU.Build.0 = Debug|Any CPU
		{79285BC1-FC59-4DB3-BCC1-5ACE75A403CB}.Release|Any CPU.ActiveCfg = Release|Any CPU
		{79285BC1-FC59-4DB3-BCC1-5ACE75A403CB}.Release|Any CPU.Build.0 = Release|Any CPU
		{203A9613-78E0-4C76-AB5D-F18D264E1AFF}.Debug|Any CPU.ActiveCfg = Debug|Any CPU
		{203A9613-78E0-4C76-AB5D-F18D264E1AFF}.Debug|Any CPU.Build.0 = Debug|Any CPU
		{203A9613-78E0-4C76-AB5D-F18D264E1AFF}.Release|Any CPU.ActiveCfg = Release|Any CPU
		{203A9613-78E0-4C76-AB5D-F18D264E1AFF}.Release|Any CPU.Build.0 = Release|Any CPU
		{0B090675-E486-4CC0-8C4C-ECC4E22F5A0A}.Debug|Any CPU.ActiveCfg = Debug|Any CPU
		{0B090675-E486-4CC0-8C4C-ECC4E22F5A0A}.Debug|Any CPU.Build.0 = Debug|Any CPU
		{0B090675-E486-4CC0-8C4C-ECC4E22F5A0A}.Release|Any CPU.ActiveCfg = Release|Any CPU
		{0B090675-E486-4CC0-8C4C-ECC4E22F5A0A}.Release|Any CPU.Build.0 = Release|Any CPU
		{5EA7A52E-DBA5-4ADB-910B-64CE5EC99811}.Debug|Any CPU.ActiveCfg = Debug|Any CPU
		{5EA7A52E-DBA5-4ADB-910B-64CE5EC99811}.Debug|Any CPU.Build.0 = Debug|Any CPU
		{5EA7A52E-DBA5-4ADB-910B-64CE5EC99811}.Release|Any CPU.ActiveCfg = Release|Any CPU
		{5EA7A52E-DBA5-4ADB-910B-64CE5EC99811}.Release|Any CPU.Build.0 = Release|Any CPU
		{BD8B2D5B-2D6B-44E4-A47A-3DF7A4D3E10C}.Debug|Any CPU.ActiveCfg = Debug|Any CPU
		{BD8B2D5B-2D6B-44E4-A47A-3DF7A4D3E10C}.Debug|Any CPU.Build.0 = Debug|Any CPU
		{BD8B2D5B-2D6B-44E4-A47A-3DF7A4D3E10C}.Release|Any CPU.ActiveCfg = Release|Any CPU
		{BD8B2D5B-2D6B-44E4-A47A-3DF7A4D3E10C}.Release|Any CPU.Build.0 = Release|Any CPU
		{AF5C9E1C-8AF6-4513-A37C-C9DCFB4932CD}.Debug|Any CPU.ActiveCfg = Debug|Any CPU
		{AF5C9E1C-8AF6-4513-A37C-C9DCFB4932CD}.Debug|Any CPU.Build.0 = Debug|Any CPU
		{AF5C9E1C-8AF6-4513-A37C-C9DCFB4932CD}.Release|Any CPU.ActiveCfg = Release|Any CPU
		{AF5C9E1C-8AF6-4513-A37C-C9DCFB4932CD}.Release|Any CPU.Build.0 = Release|Any CPU
		{106FC343-ED28-46C1-8BF6-77BDA94DD73A}.Debug|Any CPU.ActiveCfg = Debug|Any CPU
		{106FC343-ED28-46C1-8BF6-77BDA94DD73A}.Debug|Any CPU.Build.0 = Debug|Any CPU
		{106FC343-ED28-46C1-8BF6-77BDA94DD73A}.Release|Any CPU.ActiveCfg = Release|Any CPU
		{106FC343-ED28-46C1-8BF6-77BDA94DD73A}.Release|Any CPU.Build.0 = Release|Any CPU
		{87E6D93C-9CB4-4732-9FDD-37012A914729}.Debug|Any CPU.ActiveCfg = Debug|Any CPU
		{87E6D93C-9CB4-4732-9FDD-37012A914729}.Debug|Any CPU.Build.0 = Debug|Any CPU
		{87E6D93C-9CB4-4732-9FDD-37012A914729}.Release|Any CPU.ActiveCfg = Release|Any CPU
		{87E6D93C-9CB4-4732-9FDD-37012A914729}.Release|Any CPU.Build.0 = Release|Any CPU
		{D5B088E8-84B0-4BBC-A10F-58F23948A6E6}.Debug|Any CPU.ActiveCfg = Debug|Any CPU
		{D5B088E8-84B0-4BBC-A10F-58F23948A6E6}.Debug|Any CPU.Build.0 = Debug|Any CPU
		{D5B088E8-84B0-4BBC-A10F-58F23948A6E6}.Release|Any CPU.ActiveCfg = Release|Any CPU
		{D5B088E8-84B0-4BBC-A10F-58F23948A6E6}.Release|Any CPU.Build.0 = Release|Any CPU
		{52B52413-31BF-424A-9CC5-1E80622DA690}.Debug|Any CPU.ActiveCfg = Debug|Any CPU
		{52B52413-31BF-424A-9CC5-1E80622DA690}.Debug|Any CPU.Build.0 = Debug|Any CPU
		{52B52413-31BF-424A-9CC5-1E80622DA690}.Release|Any CPU.ActiveCfg = Release|Any CPU
		{52B52413-31BF-424A-9CC5-1E80622DA690}.Release|Any CPU.Build.0 = Release|Any CPU
		{715D1896-D331-41B0-B802-9AE031CE9F06}.Debug|Any CPU.ActiveCfg = Debug|Any CPU
		{715D1896-D331-41B0-B802-9AE031CE9F06}.Debug|Any CPU.Build.0 = Debug|Any CPU
		{715D1896-D331-41B0-B802-9AE031CE9F06}.Release|Any CPU.ActiveCfg = Release|Any CPU
		{715D1896-D331-41B0-B802-9AE031CE9F06}.Release|Any CPU.Build.0 = Release|Any CPU
		{D651654F-FE88-460C-87B4-081B1806B2E0}.Debug|Any CPU.ActiveCfg = Debug|Any CPU
		{D651654F-FE88-460C-87B4-081B1806B2E0}.Debug|Any CPU.Build.0 = Debug|Any CPU
		{D651654F-FE88-460C-87B4-081B1806B2E0}.Release|Any CPU.ActiveCfg = Release|Any CPU
		{D651654F-FE88-460C-87B4-081B1806B2E0}.Release|Any CPU.Build.0 = Release|Any CPU
		{6FF8DA75-D146-42D1-B798-C25ABB537A6F}.Debug|Any CPU.ActiveCfg = Debug|Any CPU
		{6FF8DA75-D146-42D1-B798-C25ABB537A6F}.Debug|Any CPU.Build.0 = Debug|Any CPU
		{6FF8DA75-D146-42D1-B798-C25ABB537A6F}.Release|Any CPU.ActiveCfg = Release|Any CPU
		{6FF8DA75-D146-42D1-B798-C25ABB537A6F}.Release|Any CPU.Build.0 = Release|Any CPU
		{2103545F-2196-4A47-927A-C72952CB11B7}.Debug|Any CPU.ActiveCfg = Debug|Any CPU
		{2103545F-2196-4A47-927A-C72952CB11B7}.Debug|Any CPU.Build.0 = Debug|Any CPU
		{2103545F-2196-4A47-927A-C72952CB11B7}.Release|Any CPU.ActiveCfg = Release|Any CPU
		{2103545F-2196-4A47-927A-C72952CB11B7}.Release|Any CPU.Build.0 = Release|Any CPU
		{156FDB41-D03B-4CCD-9F65-37DCC28C7FF2}.Debug|Any CPU.ActiveCfg = Debug|Any CPU
		{156FDB41-D03B-4CCD-9F65-37DCC28C7FF2}.Debug|Any CPU.Build.0 = Debug|Any CPU
		{156FDB41-D03B-4CCD-9F65-37DCC28C7FF2}.Release|Any CPU.ActiveCfg = Release|Any CPU
		{156FDB41-D03B-4CCD-9F65-37DCC28C7FF2}.Release|Any CPU.Build.0 = Release|Any CPU
		{D44E2D36-22D1-4CC6-8660-3EF9F04CBE2F}.Debug|Any CPU.ActiveCfg = Debug|Any CPU
		{D44E2D36-22D1-4CC6-8660-3EF9F04CBE2F}.Debug|Any CPU.Build.0 = Debug|Any CPU
		{D44E2D36-22D1-4CC6-8660-3EF9F04CBE2F}.Release|Any CPU.ActiveCfg = Release|Any CPU
		{D44E2D36-22D1-4CC6-8660-3EF9F04CBE2F}.Release|Any CPU.Build.0 = Release|Any CPU
		{F5A7A3B6-9EA3-497A-B2DA-18065AA2AE8C}.Debug|Any CPU.ActiveCfg = Debug|Any CPU
		{F5A7A3B6-9EA3-497A-B2DA-18065AA2AE8C}.Debug|Any CPU.Build.0 = Debug|Any CPU
		{F5A7A3B6-9EA3-497A-B2DA-18065AA2AE8C}.Release|Any CPU.ActiveCfg = Release|Any CPU
		{F5A7A3B6-9EA3-497A-B2DA-18065AA2AE8C}.Release|Any CPU.Build.0 = Release|Any CPU
	EndGlobalSection
	GlobalSection(SolutionProperties) = preSolution
		HideSolutionNode = FALSE
	EndGlobalSection
	GlobalSection(NestedProjects) = preSolution
		{C004614F-8C8D-4E28-BD6F-86A3B088E1B3} = {B2CA29F2-CDA8-46D7-AD94-D2DC7F6C1CF0}
		{B8C137BA-6726-463F-A09A-CB1E89B68F90} = {B2CA29F2-CDA8-46D7-AD94-D2DC7F6C1CF0}
		{F63EB4E5-CE7F-40C1-946B-E4BE69CF7448} = {B2CA29F2-CDA8-46D7-AD94-D2DC7F6C1CF0}
		{369DC67F-5EE7-4CCF-A134-F6416B447DC2} = {B2CA29F2-CDA8-46D7-AD94-D2DC7F6C1CF0}
		{45E81ACF-FD0D-4B0C-8A68-DC09B2AA22E0} = {B2CA29F2-CDA8-46D7-AD94-D2DC7F6C1CF0}
		{FE1BC0DC-2D65-48FB-A475-1670FCBA07D0} = {B2CA29F2-CDA8-46D7-AD94-D2DC7F6C1CF0}
		{48C6FA37-F80E-4851-BD89-B0F72103ACFD} = {B2CA29F2-CDA8-46D7-AD94-D2DC7F6C1CF0}
		{82DC9C64-F8D4-453C-AE60-3591DDE5F574} = {B8C137BA-6726-463F-A09A-CB1E89B68F90}
		{B57FFEDF-71B5-403D-921F-CBACCAD190F3} = {B8C137BA-6726-463F-A09A-CB1E89B68F90}
		{5A4630E8-D68A-4EEE-B9D0-B5920B641444} = {B8C137BA-6726-463F-A09A-CB1E89B68F90}
		{B8F08697-4F9D-40A5-9D55-86CD63D608CD} = {B8C137BA-6726-463F-A09A-CB1E89B68F90}
		{15EAAC90-241E-47CE-AE09-4A2BA837BB53} = {82DC9C64-F8D4-453C-AE60-3591DDE5F574}
		{6AE9500B-8434-4432-864D-A10FD120ACCD} = {B57FFEDF-71B5-403D-921F-CBACCAD190F3}
		{5C3CB712-5129-4C84-977D-84F63E1B34BE} = {5A4630E8-D68A-4EEE-B9D0-B5920B641444}
		{2F1CA249-C1C7-4629-B110-1F2A3F16830F} = {B8F08697-4F9D-40A5-9D55-86CD63D608CD}
		{21B3EE8C-5776-4E31-92F2-12ECAE3242BC} = {F63EB4E5-CE7F-40C1-946B-E4BE69CF7448}
		{AA1322FC-CEC1-4494-AEC8-1B68B21C034E} = {F63EB4E5-CE7F-40C1-946B-E4BE69CF7448}
		{59F4F12F-4AA5-4F55-B49A-42CCA68ADEA7} = {F63EB4E5-CE7F-40C1-946B-E4BE69CF7448}
		{64682353-BC9E-4359-A087-2BC2ADD5119C} = {21B3EE8C-5776-4E31-92F2-12ECAE3242BC}
		{0370AEB0-0E19-4447-89C3-52C70ABFF6A6} = {AA1322FC-CEC1-4494-AEC8-1B68B21C034E}
		{85D070EB-C4A4-4B76-874B-F9E11C158AD0} = {59F4F12F-4AA5-4F55-B49A-42CCA68ADEA7}
		{BAF4B5B0-31AC-4A98-AAB7-304A4A47F9A4} = {C004614F-8C8D-4E28-BD6F-86A3B088E1B3}
		{F02C19C4-2FE6-4190-9443-60782AF25009} = {369DC67F-5EE7-4CCF-A134-F6416B447DC2}
		{E20D2210-B5DC-4EAC-96EF-3A398EE52EF7} = {F02C19C4-2FE6-4190-9443-60782AF25009}
		{E0B9C5F1-54CF-4995-B67D-930979A6B9A3} = {93781C82-128D-4601-B18D-87000646324F}
		{3AE4CF23-3305-44FC-A83E-172042CCDB7C} = {E0B9C5F1-54CF-4995-B67D-930979A6B9A3}
		{A9DC79D0-DE01-446F-BB9F-FF1979F35C4B} = {3AE4CF23-3305-44FC-A83E-172042CCDB7C}
		{D42981DB-A54E-4AEF-91E2-838D5B955B9F} = {3AE4CF23-3305-44FC-A83E-172042CCDB7C}
		{8B94CC20-F6F2-4E57-8732-A9A9AAD5737D} = {3AE4CF23-3305-44FC-A83E-172042CCDB7C}
		{072E5613-3BCB-4DFA-B5A5-25EB4C79A7BE} = {D42981DB-A54E-4AEF-91E2-838D5B955B9F}
		{79285BC1-FC59-4DB3-BCC1-5ACE75A403CB} = {D42981DB-A54E-4AEF-91E2-838D5B955B9F}
		{203A9613-78E0-4C76-AB5D-F18D264E1AFF} = {D42981DB-A54E-4AEF-91E2-838D5B955B9F}
		{0B090675-E486-4CC0-8C4C-ECC4E22F5A0A} = {48C6FA37-F80E-4851-BD89-B0F72103ACFD}
		{5EA7A52E-DBA5-4ADB-910B-64CE5EC99811} = {48C6FA37-F80E-4851-BD89-B0F72103ACFD}
		{BD8B2D5B-2D6B-44E4-A47A-3DF7A4D3E10C} = {A9DC79D0-DE01-446F-BB9F-FF1979F35C4B}
		{16D5C122-553E-4DB0-BE4E-ACC12D744E64} = {E0B9C5F1-54CF-4995-B67D-930979A6B9A3}
		{BD9AE184-89D2-4C8B-A79B-95166D07AA20} = {16D5C122-553E-4DB0-BE4E-ACC12D744E64}
		{26B2BCB2-315D-4005-B384-03657070DC0F} = {16D5C122-553E-4DB0-BE4E-ACC12D744E64}
		{83FBE4AA-A842-4E1B-811E-CC76F368657C} = {16D5C122-553E-4DB0-BE4E-ACC12D744E64}
		{AF5C9E1C-8AF6-4513-A37C-C9DCFB4932CD} = {BD9AE184-89D2-4C8B-A79B-95166D07AA20}
		{106FC343-ED28-46C1-8BF6-77BDA94DD73A} = {BD9AE184-89D2-4C8B-A79B-95166D07AA20}
		{87E6D93C-9CB4-4732-9FDD-37012A914729} = {BD9AE184-89D2-4C8B-A79B-95166D07AA20}
		{D5B088E8-84B0-4BBC-A10F-58F23948A6E6} = {26B2BCB2-315D-4005-B384-03657070DC0F}
		{52B52413-31BF-424A-9CC5-1E80622DA690} = {83FBE4AA-A842-4E1B-811E-CC76F368657C}
		{715D1896-D331-41B0-B802-9AE031CE9F06} = {45E81ACF-FD0D-4B0C-8A68-DC09B2AA22E0}
		{D651654F-FE88-460C-87B4-081B1806B2E0} = {45E81ACF-FD0D-4B0C-8A68-DC09B2AA22E0}
		{6FF8DA75-D146-42D1-B798-C25ABB537A6F} = {83FBE4AA-A842-4E1B-811E-CC76F368657C}
		{2103545F-2196-4A47-927A-C72952CB11B7} = {8B94CC20-F6F2-4E57-8732-A9A9AAD5737D}
		{156FDB41-D03B-4CCD-9F65-37DCC28C7FF2} = {8B94CC20-F6F2-4E57-8732-A9A9AAD5737D}
		{6FD93641-1F37-4238-B744-CEA96AC38412} = {93781C82-128D-4601-B18D-87000646324F}
		{D44E2D36-22D1-4CC6-8660-3EF9F04CBE2F} = {6FD93641-1F37-4238-B744-CEA96AC38412}
		{B501965D-08C4-4276-B0B8-64062C57E1DA} = {93781C82-128D-4601-B18D-87000646324F}
		{F5A7A3B6-9EA3-497A-B2DA-18065AA2AE8C} = {B501965D-08C4-4276-B0B8-64062C57E1DA}
		{0941A9D1-9858-4960-A38A-72DDBE1F6784} = {93781C82-128D-4601-B18D-87000646324F}
		{853C4433-8F4E-42B0-85C4-C4446A74985D} = {0941A9D1-9858-4960-A38A-72DDBE1F6784}
		{DAC9C7D5-0BB2-451E-8B22-CCEB750E8F0D} = {853C4433-8F4E-42B0-85C4-C4446A74985D}
		{EEB960E8-C0AB-4357-B81B-5668FA30D695} = {DAC9C7D5-0BB2-451E-8B22-CCEB750E8F0D}
		{7B212BC6-6266-40E6-B925-62A7127F510D} = {DAC9C7D5-0BB2-451E-8B22-CCEB750E8F0D}
		{9A18D3F4-53B1-4EBC-96E6-191F8BF4A718} = {DAC9C7D5-0BB2-451E-8B22-CCEB750E8F0D}
	EndGlobalSection
	GlobalSection(ExtensibilityGlobals) = postSolution
		SolutionGuid = {0E689A5F-8FE0-4508-A363-46C906F8284A}
	EndGlobalSection
EndGlobal
